{
  "name": "ecma",
  "lockfileVersion": 2,
  "requires": true,
  "packages": {
    "": {
      "dependencies": {
        "qunit": "^2.11.3"
      }
    },
    "node_modules/commander": {
      "version": "6.0.0",
      "resolved": "https://registry.npmjs.org/commander/-/commander-6.0.0.tgz",
      "integrity": "sha512-s7EA+hDtTYNhuXkTlhqew4txMZVdszBmKWSPEMxGr8ru8JXR7bLUFIAtPhcSuFdJQ0ILMxnJi8GkQL0yvDy/YA==",
      "engines": {
        "node": ">= 6"
      }
    },
    "node_modules/globalyzer": {
      "version": "0.1.4",
      "resolved": "https://registry.npmjs.org/globalyzer/-/globalyzer-0.1.4.tgz",
      "integrity": "sha512-LeguVWaxgHN0MNbWC6YljNMzHkrCny9fzjmEUdnF1kQ7wATFD1RHFRqA1qxaX2tgxGENlcxjOflopBwj3YZiXA=="
    },
    "node_modules/globrex": {
      "version": "0.1.2",
      "resolved": "https://registry.npmjs.org/globrex/-/globrex-0.1.2.tgz",
      "integrity": "sha512-uHJgbwAMwNFf5mLst7IWLNg14x1CkeqglJb/K3doi4dw6q2IvAAmM/Y81kevy83wP+Sst+nutFTYOGg3d1lsxg=="
    },
    "node_modules/js-reporters": {
      "version": "1.2.3",
      "resolved": "https://registry.npmjs.org/js-reporters/-/js-reporters-1.2.3.tgz",
      "integrity": "sha512-2YzWkHbbRu6LueEs5ZP3P1LqbECvAeUJYrjw3H4y1ofW06hqCS0AbzBtLwbr+Hke51bt9CUepJ/Fj1hlCRIF6A=="
    },
    "node_modules/node-watch": {
      "version": "0.6.4",
      "resolved": "https://registry.npmjs.org/node-watch/-/node-watch-0.6.4.tgz",
      "integrity": "sha512-cI6CHzivIFESe8djiK3Wh90CtWQBxLwMem8x8S+2GSvCvFgoMuOKVlfJtQ/2v3Afg3wOnHl/+tXotEs8z5vOrg==",
      "engines": {
        "node": ">=6"
      }
    },
    "node_modules/qunit": {
      "version": "2.11.3",
      "resolved": "https://registry.npmjs.org/qunit/-/qunit-2.11.3.tgz",
      "integrity": "sha512-38gyZblz6kjV4G+6cn18Vvsh3ESnCXH9YXtfMJQGpKXWzLzUj8W/8iUewP+TsLwv95GQUXtMf2nl8h1iKsybFA==",
      "dependencies": {
        "commander": "6.0.0",
        "js-reporters": "1.2.3",
        "node-watch": "0.6.4",
        "tiny-glob": "0.2.6"
      },
      "bin": {
        "qunit": "bin/qunit.js"
      },
      "engines": {
        "node": ">=10"
      }
    },
    "node_modules/tiny-glob": {
      "version": "0.2.6",
      "resolved": "https://registry.npmjs.org/tiny-glob/-/tiny-glob-0.2.6.tgz",
      "integrity": "sha512-A7ewMqPu1B5PWwC3m7KVgAu96Ch5LA0w4SnEN/LbDREj/gAD0nPWboRbn8YoP9ISZXqeNAlMvKSKoEuhcfK3Pw==",
      "dependencies": {
        "globalyzer": "^0.1.0",
        "globrex": "^0.1.1"
      }
    }
  },
  "dependencies": {
    "commander": {
      "version": "6.0.0",
      "resolved": "https://registry.npmjs.org/commander/-/commander-6.0.0.tgz",
      "integrity": "sha512-s7EA+hDtTYNhuXkTlhqew4txMZVdszBmKWSPEMxGr8ru8JXR7bLUFIAtPhcSuFdJQ0ILMxnJi8GkQL0yvDy/YA=="
    },
    "globalyzer": {
      "version": "0.1.4",
      "resolved": "https://registry.npmjs.org/globalyzer/-/globalyzer-0.1.4.tgz",
      "integrity": "sha512-LeguVWaxgHN0MNbWC6YljNMzHkrCny9fzjmEUdnF1kQ7wATFD1RHFRqA1qxaX2tgxGENlcxjOflopBwj3YZiXA=="
    },
    "globrex": {
      "version": "0.1.2",
      "resolved": "https://registry.npmjs.org/globrex/-/globrex-0.1.2.tgz",
      "integrity": "sha512-uHJgbwAMwNFf5mLst7IWLNg14x1CkeqglJb/K3doi4dw6q2IvAAmM/Y81kevy83wP+Sst+nutFTYOGg3d1lsxg=="
    },
    "js-reporters": {
      "version": "1.2.3",
      "resolved": "https://registry.npmjs.org/js-reporters/-/js-reporters-1.2.3.tgz",
      "integrity": "sha512-2YzWkHbbRu6LueEs5ZP3P1LqbECvAeUJYrjw3H4y1ofW06hqCS0AbzBtLwbr+Hke51bt9CUepJ/Fj1hlCRIF6A=="
    },
    "node-watch": {
      "version": "0.6.4",
      "resolved": "https://registry.npmjs.org/node-watch/-/node-watch-0.6.4.tgz",
      "integrity": "sha512-cI6CHzivIFESe8djiK3Wh90CtWQBxLwMem8x8S+2GSvCvFgoMuOKVlfJtQ/2v3Afg3wOnHl/+tXotEs8z5vOrg=="
    },
    "qunit": {
      "version": "2.11.3",
      "resolved": "https://registry.npmjs.org/qunit/-/qunit-2.11.3.tgz",
      "integrity": "sha512-38gyZblz6kjV4G+6cn18Vvsh3ESnCXH9YXtfMJQGpKXWzLzUj8W/8iUewP+TsLwv95GQUXtMf2nl8h1iKsybFA==",
      "requires": {
        "commander": "6.0.0",
        "js-reporters": "1.2.3",
        "node-watch": "0.6.4",
        "tiny-glob": "0.2.6"
      }
    },
    "tiny-glob": {
      "version": "0.2.6",
      "resolved": "https://registry.npmjs.org/tiny-glob/-/tiny-glob-0.2.6.tgz",
      "integrity": "sha512-A7ewMqPu1B5PWwC3m7KVgAu96Ch5LA0w4SnEN/LbDREj/gAD0nPWboRbn8YoP9ISZXqeNAlMvKSKoEuhcfK3Pw==",
      "requires": {
        "globalyzer": "^0.1.0",
        "globrex": "^0.1.1"
      }
    }
  }
}
